
Microsoft Visual Studio Solution File, Format Version 12.00
# Visual Studio Version 16
VisualStudioVersion = 16.0.30907.101
MinimumVisualStudioVersion = 10.0.40219.1
Project("{FAE04EC0-301F-11D3-BF4B-00C04F79EFBC}") = "5by5_Ativ1", "5by5_Ativ1\5by5_Ativ1.csproj", "{FF6DDD3A-9D92-4BD7-AEE8-FCECC3473E10}"
EndProject
Global
	GlobalSection(SolutionConfigurationPlatforms) = preSolution
		Debug|Any CPU = Debug|Any CPU
		Release|Any CPU = Release|Any CPU
	EndGlobalSection
	GlobalSection(ProjectConfigurationPlatforms) = postSolution
		{FF6DDD3A-9D92-4BD7-AEE8-FCECC3473E10}.Debug|Any CPU.ActiveCfg = Debug|Any CPU
		{FF6DDD3A-9D92-4BD7-AEE8-FCECC3473E10}.Debug|Any CPU.Build.0 = Debug|Any CPU
		{FF6DDD3A-9D92-4BD7-AEE8-FCECC3473E10}.Release|Any CPU.ActiveCfg = Release|Any CPU
		{FF6DDD3A-9D92-4BD7-AEE8-FCECC3473E10}.Release|Any CPU.Build.0 = Release|Any CPU
	EndGlobalSection
	GlobalSection(SolutionProperties) = preSolution
		HideSolutionNode = FALSE
	EndGlobalSection
	GlobalSection(ExtensibilityGlobals) = postSolution
		SolutionGuid = {387735EC-8218-444E-902C-39AA7CFEF102}
	EndGlobalSection
EndGlobal
